
Microsoft Visual Studio Solution File, Format Version 12.00
# Visual Studio Version 17
VisualStudioVersion = 17.5.002.0
MinimumVisualStudioVersion = 10.0.40219.1
Project("{9A19103F-16F7-4668-BE54-9A1E7A4F7556}") = "aoc2023_07", "aoc2023_07.csproj", "{F3A9D409-49D7-4FE8-A1AC-19183995481B}"
EndProject
Global
	GlobalSection(SolutionConfigurationPlatforms) = preSolution
		Debug|Any CPU = Debug|Any CPU
		Release|Any CPU = Release|Any CPU
	EndGlobalSection
	GlobalSection(ProjectConfigurationPlatforms) = postSolution
		{F3A9D409-49D7-4FE8-A1AC-19183995481B}.Debug|Any CPU.ActiveCfg = Debug|Any CPU
		{F3A9D409-49D7-4FE8-A1AC-19183995481B}.Debug|Any CPU.Build.0 = Debug|Any CPU
		{F3A9D409-49D7-4FE8-A1AC-19183995481B}.Release|Any CPU.ActiveCfg = Release|Any CPU
		{F3A9D409-49D7-4FE8-A1AC-19183995481B}.Release|Any CPU.Build.0 = Release|Any CPU
	EndGlobalSection
	GlobalSection(SolutionProperties) = preSolution
		HideSolutionNode = FALSE
	EndGlobalSection
	GlobalSection(ExtensibilityGlobals) = postSolution
		SolutionGuid = {34BB1E2C-62D1-43FD-A6BE-7D2D529AA946}
	EndGlobalSection
EndGlobal
