
Microsoft Visual Studio Solution File, Format Version 12.00
# Visual Studio Version 17
VisualStudioVersion = 17.5.002.0
MinimumVisualStudioVersion = 10.0.40219.1
Project("{9A19103F-16F7-4668-BE54-9A1E7A4F7556}") = "Day2", "Day2.csproj", "{244D2F59-A07E-4B39-9330-34B4EEF346CA}"
EndProject
Global
	GlobalSection(SolutionConfigurationPlatforms) = preSolution
		Debug|Any CPU = Debug|Any CPU
		Release|Any CPU = Release|Any CPU
	EndGlobalSection
	GlobalSection(ProjectConfigurationPlatforms) = postSolution
		{244D2F59-A07E-4B39-9330-34B4EEF346CA}.Debug|Any CPU.ActiveCfg = Debug|Any CPU
		{244D2F59-A07E-4B39-9330-34B4EEF346CA}.Debug|Any CPU.Build.0 = Debug|Any CPU
		{244D2F59-A07E-4B39-9330-34B4EEF346CA}.Release|Any CPU.ActiveCfg = Release|Any CPU
		{244D2F59-A07E-4B39-9330-34B4EEF346CA}.Release|Any CPU.Build.0 = Release|Any CPU
	EndGlobalSection
	GlobalSection(SolutionProperties) = preSolution
		HideSolutionNode = FALSE
	EndGlobalSection
	GlobalSection(ExtensibilityGlobals) = postSolution
		SolutionGuid = {3224DBD7-EE2F-48CC-9D70-ECA5738686DB}
	EndGlobalSection
EndGlobal
